GEM
  remote: https://rubygems.org/
  specs:
    addressable (2.7.0)
      public_suffix (>= 2.0.2, < 5.0)
    bcrypt (3.1.13)
    bcrypt-ruby (3.1.5)
      bcrypt (>= 3.1.3)
    data_mapper (1.2.0)
      dm-aggregates (~> 1.2.0)
      dm-constraints (~> 1.2.0)
      dm-core (~> 1.2.0)
      dm-migrations (~> 1.2.0)
      dm-serializer (~> 1.2.0)
      dm-timestamps (~> 1.2.0)
      dm-transactions (~> 1.2.0)
      dm-types (~> 1.2.0)
      dm-validations (~> 1.2.0)
    data_objects (0.10.17)
      addressable (~> 2.1)
    dm-aggregates (1.2.0)
      dm-core (~> 1.2.0)
    dm-constraints (1.2.0)
      dm-core (~> 1.2.0)
    dm-core (1.2.1)
      addressable (~> 2.3)
    dm-do-adapter (1.2.0)
      data_objects (~> 0.10.6)
      dm-core (~> 1.2.0)
    dm-migrations (1.2.0)
      dm-core (~> 1.2.0)
    dm-serializer (1.2.2)
      dm-core (~> 1.2.0)
      fastercsv (~> 1.5)
      json (~> 1.6)
      json_pure (~> 1.6)
      multi_json (~> 1.0)
    dm-sqlite-adapter (1.2.0)
      dm-do-adapter (~> 1.2.0)
      do_sqlite3 (~> 0.10.6)
    dm-timestamps (1.2.0)
      dm-core (~> 1.2.0)
    dm-transactions (1.2.0)
      dm-core (~> 1.2.0)
    dm-types (1.2.2)
      bcrypt-ruby (~> 3.0)
      dm-core (~> 1.2.0)
      fastercsv (~> 1.5)
      json (~> 1.6)
      multi_json (~> 1.0)
      stringex (~> 1.4)
      uuidtools (~> 2.1)
    dm-validations (1.2.0)
      dm-core (~> 1.2.0)
    do_sqlite3 (0.10.17)
      data_objects (= 0.10.17)
    fastercsv (1.5.5)
    filesize (0.2.0)
    haml (5.1.2)
      temple (>= 0.8.0)
      tilt
    jsobfu (0.4.2)
      rkelly-remix
    json (1.8.6)
    json_pure (1.8.6)
    metasm (1.0.4)
    mini_portile2 (2.4.0)
    msfrpc-client (1.1.1)
      msgpack (~> 1)
      rex (~> 2)
    msgpack (1.3.3)
    multi_json (1.14.1)
    mustermann (1.1.1)
      ruby2_keywords (~> 0.0.1)
    net-ldap (0.16.2)
    nokogiri (1.10.7)
      mini_portile2 (~> 2.4.0)
    odle (0.0.8)
    public_suffix (4.0.3)
    rack (2.1.2)
    rack-protection (2.0.8.1)
      rack
    rb-readline (0.5.5)
    rex (2.0.11)
      filesize
      jsobfu (~> 0.4.1)
      json
      metasm (~> 1.0.2)
      nokogiri
      rb-readline
      robots
    rkelly-remix (0.0.7)
    robots (0.10.1)
    ruby2_keywords (0.0.2)
    rubyzip (2.2.0)
    sinatra (2.0.8.1)
      mustermann (~> 1.0)
      rack (~> 2.0)
      rack-protection (= 2.0.8.1)
      tilt (~> 2.0)
    stringex (1.5.1)
    temple (0.8.2)
    tilt (2.0.10)
    uuidtools (2.1.5)

PLATFORMS
  ruby

DEPENDENCIES
  data_mapper (= 1.2.0)
  dm-sqlite-adapter (= 1.2.0)
  do_sqlite3 (= 0.10.17)
  haml
  json
  msfrpc-client (= 1.1.1)
  net-ldap (~> 0.11)
  nokogiri
  odle
  rack
  rubyzip
  sinatra

RUBY VERSION
   ruby 2.6.3p62

BUNDLED WITH
    1.17.2